
Microsoft Visual Studio Solution File, Format Version 12.00
# Visual Studio 15
VisualStudioVersion = 15.0.28010.2026
MinimumVisualStudioVersion = 10.0.40219.1
Project("{FAE04EC0-301F-11D3-BF4B-00C04F79EFBC}") = "ZuneStyle", "ZuneStyle.csproj", "{FBFC5D5B-1C27-4238-8A15-EEFA349C383D}"
EndProject
Project("{FAE04EC0-301F-11D3-BF4B-00C04F79EFBC}") = "TerrainCreater", "..\TerrainCreater\TerrainCreater.csproj", "{FA215107-6951-4105-B76E-CA4836E40075}"
EndProject
Project("{8BC9CEB8-8B4A-11D0-8D11-00A0C91BC942}") = "exporter", "..\exporter\exporter.vcxproj", "{C619629E-3FAA-43EC-8954-DA276F4D1734}"
EndProject
Project("{FAE04EC0-301F-11D3-BF4B-00C04F79EFBC}") = "DirectX", "..\DirectX\DirectX.csproj", "{6440821F-0593-4907-A91A-5A18110DD5EB}"
EndProject
Project("{8BC9CEB8-8B4A-11D0-8D11-00A0C91BC942}") = "Project1", "..\Project1\Project1.vcxproj", "{DAC78559-C596-4910-ACDF-CDD6B7AE1908}"
EndProject
Project("{FAE04EC0-301F-11D3-BF4B-00C04F79EFBC}") = "SkyDomeCreator", "..\SkyDomeCreator\SkyDomeCreator.csproj", "{83C79AD0-3CC1-4AF9-96DB-026F2CEC39F9}"
EndProject
Project("{8BC9CEB8-8B4A-11D0-8D11-00A0C91BC942}") = "DirectXTex", "..\DirectXTex\DirectXTex_Desktop_2017.vcxproj", "{371B9FA9-4C90-4AC6-A123-ACED756D6C77}"
EndProject
Project("{FAE04EC0-301F-11D3-BF4B-00C04F79EFBC}") = "OceanCreator", "..\OceanCreator\OceanCreator.csproj", "{0F195750-7300-487B-9F8B-40D805FFBC77}"
EndProject
Project("{FAE04EC0-301F-11D3-BF4B-00C04F79EFBC}") = "PluginInterface", "..\PluginInterface\PluginInterface.csproj", "{D24CA5CE-2675-4415-B1D7-2F00E2287980}"
EndProject
Global
	GlobalSection(SolutionConfigurationPlatforms) = preSolution
		Debug|Any CPU = Debug|Any CPU
		Debug|x64 = Debug|x64
		Debug|x86 = Debug|x86
		Profile|Any CPU = Profile|Any CPU
		Profile|x64 = Profile|x64
		Profile|x86 = Profile|x86
		Release|Any CPU = Release|Any CPU
		Release|x64 = Release|x64
		Release|x86 = Release|x86
	EndGlobalSection
	GlobalSection(ProjectConfigurationPlatforms) = postSolution
		{FBFC5D5B-1C27-4238-8A15-EEFA349C383D}.Debug|Any CPU.ActiveCfg = Debug|Any CPU
		{FBFC5D5B-1C27-4238-8A15-EEFA349C383D}.Debug|Any CPU.Build.0 = Debug|Any CPU
		{FBFC5D5B-1C27-4238-8A15-EEFA349C383D}.Debug|x64.ActiveCfg = Debug|Any CPU
		{FBFC5D5B-1C27-4238-8A15-EEFA349C383D}.Debug|x64.Build.0 = Debug|Any CPU
		{FBFC5D5B-1C27-4238-8A15-EEFA349C383D}.Debug|x86.ActiveCfg = Debug|x86
		{FBFC5D5B-1C27-4238-8A15-EEFA349C383D}.Debug|x86.Build.0 = Debug|x86
		{FBFC5D5B-1C27-4238-8A15-EEFA349C383D}.Profile|Any CPU.ActiveCfg = Release|Any CPU
		{FBFC5D5B-1C27-4238-8A15-EEFA349C383D}.Profile|Any CPU.Build.0 = Release|Any CPU
		{FBFC5D5B-1C27-4238-8A15-EEFA349C383D}.Profile|x64.ActiveCfg = Release|Any CPU
		{FBFC5D5B-1C27-4238-8A15-EEFA349C383D}.Profile|x64.Build.0 = Release|Any CPU
		{FBFC5D5B-1C27-4238-8A15-EEFA349C383D}.Profile|x86.ActiveCfg = Release|x86
		{FBFC5D5B-1C27-4238-8A15-EEFA349C383D}.Profile|x86.Build.0 = Release|x86
		{FBFC5D5B-1C27-4238-8A15-EEFA349C383D}.Release|Any CPU.ActiveCfg = Release|Any CPU
		{FBFC5D5B-1C27-4238-8A15-EEFA349C383D}.Release|Any CPU.Build.0 = Release|Any CPU
		{FBFC5D5B-1C27-4238-8A15-EEFA349C383D}.Release|x64.ActiveCfg = Release|Any CPU
		{FBFC5D5B-1C27-4238-8A15-EEFA349C383D}.Release|x64.Build.0 = Release|Any CPU
		{FBFC5D5B-1C27-4238-8A15-EEFA349C383D}.Release|x86.ActiveCfg = Release|x86
		{FBFC5D5B-1C27-4238-8A15-EEFA349C383D}.Release|x86.Build.0 = Release|x86
		{FA215107-6951-4105-B76E-CA4836E40075}.Debug|Any CPU.ActiveCfg = Debug|Any CPU
		{FA215107-6951-4105-B76E-CA4836E40075}.Debug|Any CPU.Build.0 = Debug|Any CPU
		{FA215107-6951-4105-B76E-CA4836E40075}.Debug|x64.ActiveCfg = Debug|Any CPU
		{FA215107-6951-4105-B76E-CA4836E40075}.Debug|x64.Build.0 = Debug|Any CPU
		{FA215107-6951-4105-B76E-CA4836E40075}.Debug|x86.ActiveCfg = Debug|Any CPU
		{FA215107-6951-4105-B76E-CA4836E40075}.Debug|x86.Build.0 = Debug|Any CPU
		{FA215107-6951-4105-B76E-CA4836E40075}.Profile|Any CPU.ActiveCfg = Release|Any CPU
		{FA215107-6951-4105-B76E-CA4836E40075}.Profile|Any CPU.Build.0 = Release|Any CPU
		{FA215107-6951-4105-B76E-CA4836E40075}.Profile|x64.ActiveCfg = Release|Any CPU
		{FA215107-6951-4105-B76E-CA4836E40075}.Profile|x64.Build.0 = Release|Any CPU
		{FA215107-6951-4105-B76E-CA4836E40075}.Profile|x86.ActiveCfg = Release|Any CPU
		{FA215107-6951-4105-B76E-CA4836E40075}.Profile|x86.Build.0 = Release|Any CPU
		{FA215107-6951-4105-B76E-CA4836E40075}.Release|Any CPU.ActiveCfg = Release|Any CPU
		{FA215107-6951-4105-B76E-CA4836E40075}.Release|Any CPU.Build.0 = Release|Any CPU
		{FA215107-6951-4105-B76E-CA4836E40075}.Release|x64.ActiveCfg = Release|Any CPU
		{FA215107-6951-4105-B76E-CA4836E40075}.Release|x64.Build.0 = Release|Any CPU
		{FA215107-6951-4105-B76E-CA4836E40075}.Release|x86.ActiveCfg = Release|Any CPU
		{FA215107-6951-4105-B76E-CA4836E40075}.Release|x86.Build.0 = Release|Any CPU
		{C619629E-3FAA-43EC-8954-DA276F4D1734}.Debug|Any CPU.ActiveCfg = Debug|Win32
		{C619629E-3FAA-43EC-8954-DA276F4D1734}.Debug|x64.ActiveCfg = Debug|x64
		{C619629E-3FAA-43EC-8954-DA276F4D1734}.Debug|x64.Build.0 = Debug|x64
		{C619629E-3FAA-43EC-8954-DA276F4D1734}.Debug|x86.ActiveCfg = Debug|Win32
		{C619629E-3FAA-43EC-8954-DA276F4D1734}.Debug|x86.Build.0 = Debug|Win32
		{C619629E-3FAA-43EC-8954-DA276F4D1734}.Profile|Any CPU.ActiveCfg = Release|x64
		{C619629E-3FAA-43EC-8954-DA276F4D1734}.Profile|Any CPU.Build.0 = Release|x64
		{C619629E-3FAA-43EC-8954-DA276F4D1734}.Profile|x64.ActiveCfg = Release|x64
		{C619629E-3FAA-43EC-8954-DA276F4D1734}.Profile|x64.Build.0 = Release|x64
		{C619629E-3FAA-43EC-8954-DA276F4D1734}.Profile|x86.ActiveCfg = Release|Win32
		{C619629E-3FAA-43EC-8954-DA276F4D1734}.Profile|x86.Build.0 = Release|Win32
		{C619629E-3FAA-43EC-8954-DA276F4D1734}.Release|Any CPU.ActiveCfg = Release|Win32
		{C619629E-3FAA-43EC-8954-DA276F4D1734}.Release|x64.ActiveCfg = Release|x64
		{C619629E-3FAA-43EC-8954-DA276F4D1734}.Release|x64.Build.0 = Release|x64
		{C619629E-3FAA-43EC-8954-DA276F4D1734}.Release|x86.ActiveCfg = Release|Win32
		{C619629E-3FAA-43EC-8954-DA276F4D1734}.Release|x86.Build.0 = Release|Win32
		{6440821F-0593-4907-A91A-5A18110DD5EB}.Debug|Any CPU.ActiveCfg = Debug|Any CPU
		{6440821F-0593-4907-A91A-5A18110DD5EB}.Debug|Any CPU.Build.0 = Debug|Any CPU
		{6440821F-0593-4907-A91A-5A18110DD5EB}.Debug|x64.ActiveCfg = Debug|Any CPU
		{6440821F-0593-4907-A91A-5A18110DD5EB}.Debug|x64.Build.0 = Debug|Any CPU
		{6440821F-0593-4907-A91A-5A18110DD5EB}.Debug|x86.ActiveCfg = Debug|Any CPU
		{6440821F-0593-4907-A91A-5A18110DD5EB}.Debug|x86.Build.0 = Debug|Any CPU
		{6440821F-0593-4907-A91A-5A18110DD5EB}.Profile|Any CPU.ActiveCfg = Release|Any CPU
		{6440821F-0593-4907-A91A-5A18110DD5EB}.Profile|Any CPU.Build.0 = Release|Any CPU
		{6440821F-0593-4907-A91A-5A18110DD5EB}.Profile|x64.ActiveCfg = Release|Any CPU
		{6440821F-0593-4907-A91A-5A18110DD5EB}.Profile|x64.Build.0 = Release|Any CPU
		{6440821F-0593-4907-A91A-5A18110DD5EB}.Profile|x86.ActiveCfg = Release|Any CPU
		{6440821F-0593-4907-A91A-5A18110DD5EB}.Profile|x86.Build.0 = Release|Any CPU
		{6440821F-0593-4907-A91A-5A18110DD5EB}.Release|Any CPU.ActiveCfg = Release|Any CPU
		{6440821F-0593-4907-A91A-5A18110DD5EB}.Release|Any CPU.Build.0 = Release|Any CPU
		{6440821F-0593-4907-A91A-5A18110DD5EB}.Release|x64.ActiveCfg = Release|Any CPU
		{6440821F-0593-4907-A91A-5A18110DD5EB}.Release|x64.Build.0 = Release|Any CPU
		{6440821F-0593-4907-A91A-5A18110DD5EB}.Release|x86.ActiveCfg = Release|Any CPU
		{6440821F-0593-4907-A91A-5A18110DD5EB}.Release|x86.Build.0 = Release|Any CPU
		{DAC78559-C596-4910-ACDF-CDD6B7AE1908}.Debug|Any CPU.ActiveCfg = Debug|Win32
		{DAC78559-C596-4910-ACDF-CDD6B7AE1908}.Debug|x64.ActiveCfg = Debug|x64
		{DAC78559-C596-4910-ACDF-CDD6B7AE1908}.Debug|x64.Build.0 = Debug|x64
		{DAC78559-C596-4910-ACDF-CDD6B7AE1908}.Debug|x86.ActiveCfg = Debug|Win32
		{DAC78559-C596-4910-ACDF-CDD6B7AE1908}.Debug|x86.Build.0 = Debug|Win32
		{DAC78559-C596-4910-ACDF-CDD6B7AE1908}.Profile|Any CPU.ActiveCfg = Release|x64
		{DAC78559-C596-4910-ACDF-CDD6B7AE1908}.Profile|Any CPU.Build.0 = Release|x64
		{DAC78559-C596-4910-ACDF-CDD6B7AE1908}.Profile|x64.ActiveCfg = Release|x64
		{DAC78559-C596-4910-ACDF-CDD6B7AE1908}.Profile|x64.Build.0 = Release|x64
		{DAC78559-C596-4910-ACDF-CDD6B7AE1908}.Profile|x86.ActiveCfg = Release|Win32
		{DAC78559-C596-4910-ACDF-CDD6B7AE1908}.Profile|x86.Build.0 = Release|Win32
		{DAC78559-C596-4910-ACDF-CDD6B7AE1908}.Release|Any CPU.ActiveCfg = Release|Win32
		{DAC78559-C596-4910-ACDF-CDD6B7AE1908}.Release|x64.ActiveCfg = Release|x64
		{DAC78559-C596-4910-ACDF-CDD6B7AE1908}.Release|x64.Build.0 = Release|x64
		{DAC78559-C596-4910-ACDF-CDD6B7AE1908}.Release|x86.ActiveCfg = Release|Win32
		{DAC78559-C596-4910-ACDF-CDD6B7AE1908}.Release|x86.Build.0 = Release|Win32
		{83C79AD0-3CC1-4AF9-96DB-026F2CEC39F9}.Debug|Any CPU.ActiveCfg = Debug|Any CPU
		{83C79AD0-3CC1-4AF9-96DB-026F2CEC39F9}.Debug|Any CPU.Build.0 = Debug|Any CPU
		{83C79AD0-3CC1-4AF9-96DB-026F2CEC39F9}.Debug|x64.ActiveCfg = Debug|Any CPU
		{83C79AD0-3CC1-4AF9-96DB-026F2CEC39F9}.Debug|x64.Build.0 = Debug|Any CPU
		{83C79AD0-3CC1-4AF9-96DB-026F2CEC39F9}.Debug|x86.ActiveCfg = Debug|Any CPU
		{83C79AD0-3CC1-4AF9-96DB-026F2CEC39F9}.Debug|x86.Build.0 = Debug|Any CPU
		{83C79AD0-3CC1-4AF9-96DB-026F2CEC39F9}.Profile|Any CPU.ActiveCfg = Release|Any CPU
		{83C79AD0-3CC1-4AF9-96DB-026F2CEC39F9}.Profile|Any CPU.Build.0 = Release|Any CPU
		{83C79AD0-3CC1-4AF9-96DB-026F2CEC39F9}.Profile|x64.ActiveCfg = Release|Any CPU
		{83C79AD0-3CC1-4AF9-96DB-026F2CEC39F9}.Profile|x64.Build.0 = Release|Any CPU
		{83C79AD0-3CC1-4AF9-96DB-026F2CEC39F9}.Profile|x86.ActiveCfg = Release|Any CPU
		{83C79AD0-3CC1-4AF9-96DB-026F2CEC39F9}.Profile|x86.Build.0 = Release|Any CPU
		{83C79AD0-3CC1-4AF9-96DB-026F2CEC39F9}.Release|Any CPU.ActiveCfg = Release|Any CPU
		{83C79AD0-3CC1-4AF9-96DB-026F2CEC39F9}.Release|Any CPU.Build.0 = Release|Any CPU
		{83C79AD0-3CC1-4AF9-96DB-026F2CEC39F9}.Release|x64.ActiveCfg = Release|Any CPU
		{83C79AD0-3CC1-4AF9-96DB-026F2CEC39F9}.Release|x64.Build.0 = Release|Any CPU
		{83C79AD0-3CC1-4AF9-96DB-026F2CEC39F9}.Release|x86.ActiveCfg = Release|Any CPU
		{83C79AD0-3CC1-4AF9-96DB-026F2CEC39F9}.Release|x86.Build.0 = Release|Any CPU
		{371B9FA9-4C90-4AC6-A123-ACED756D6C77}.Debug|Any CPU.ActiveCfg = Debug|Win32
		{371B9FA9-4C90-4AC6-A123-ACED756D6C77}.Debug|x64.ActiveCfg = Debug|x64
		{371B9FA9-4C90-4AC6-A123-ACED756D6C77}.Debug|x64.Build.0 = Debug|x64
		{371B9FA9-4C90-4AC6-A123-ACED756D6C77}.Debug|x86.ActiveCfg = Debug|Win32
		{371B9FA9-4C90-4AC6-A123-ACED756D6C77}.Debug|x86.Build.0 = Debug|Win32
		{371B9FA9-4C90-4AC6-A123-ACED756D6C77}.Profile|Any CPU.ActiveCfg = Profile|Win32
		{371B9FA9-4C90-4AC6-A123-ACED756D6C77}.Profile|x64.ActiveCfg = Profile|x64
		{371B9FA9-4C90-4AC6-A123-ACED756D6C77}.Profile|x64.Build.0 = Profile|x64
		{371B9FA9-4C90-4AC6-A123-ACED756D6C77}.Profile|x86.ActiveCfg = Profile|Win32
		{371B9FA9-4C90-4AC6-A123-ACED756D6C77}.Profile|x86.Build.0 = Profile|Win32
		{371B9FA9-4C90-4AC6-A123-ACED756D6C77}.Release|Any CPU.ActiveCfg = Release|Win32
		{371B9FA9-4C90-4AC6-A123-ACED756D6C77}.Release|x64.ActiveCfg = Release|x64
		{371B9FA9-4C90-4AC6-A123-ACED756D6C77}.Release|x64.Build.0 = Release|x64
		{371B9FA9-4C90-4AC6-A123-ACED756D6C77}.Release|x86.ActiveCfg = Release|Win32
		{371B9FA9-4C90-4AC6-A123-ACED756D6C77}.Release|x86.Build.0 = Release|Win32
		{0F195750-7300-487B-9F8B-40D805FFBC77}.Debug|Any CPU.ActiveCfg = Debug|Any CPU
		{0F195750-7300-487B-9F8B-40D805FFBC77}.Debug|Any CPU.Build.0 = Debug|Any CPU
		{0F195750-7300-487B-9F8B-40D805FFBC77}.Debug|x64.ActiveCfg = Debug|Any CPU
		{0F195750-7300-487B-9F8B-40D805FFBC77}.Debug|x64.Build.0 = Debug|Any CPU
		{0F195750-7300-487B-9F8B-40D805FFBC77}.Debug|x86.ActiveCfg = Debug|Any CPU
		{0F195750-7300-487B-9F8B-40D805FFBC77}.Debug|x86.Build.0 = Debug|Any CPU
		{0F195750-7300-487B-9F8B-40D805FFBC77}.Profile|Any CPU.ActiveCfg = Release|Any CPU
		{0F195750-7300-487B-9F8B-40D805FFBC77}.Profile|Any CPU.Build.0 = Release|Any CPU
		{0F195750-7300-487B-9F8B-40D805FFBC77}.Profile|x64.ActiveCfg = Release|Any CPU
		{0F195750-7300-487B-9F8B-40D805FFBC77}.Profile|x64.Build.0 = Release|Any CPU
		{0F195750-7300-487B-9F8B-40D805FFBC77}.Profile|x86.ActiveCfg = Release|Any CPU
		{0F195750-7300-487B-9F8B-40D805FFBC77}.Profile|x86.Build.0 = Release|Any CPU
		{0F195750-7300-487B-9F8B-40D805FFBC77}.Release|Any CPU.ActiveCfg = Release|Any CPU
		{0F195750-7300-487B-9F8B-40D805FFBC77}.Release|Any CPU.Build.0 = Release|Any CPU
		{0F195750-7300-487B-9F8B-40D805FFBC77}.Release|x64.ActiveCfg = Release|Any CPU
		{0F195750-7300-487B-9F8B-40D805FFBC77}.Release|x64.Build.0 = Release|Any CPU
		{0F195750-7300-487B-9F8B-40D805FFBC77}.Release|x86.ActiveCfg = Release|Any CPU
		{0F195750-7300-487B-9F8B-40D805FFBC77}.Release|x86.Build.0 = Release|Any CPU
		{D24CA5CE-2675-4415-B1D7-2F00E2287980}.Debug|Any CPU.ActiveCfg = Debug|Any CPU
		{D24CA5CE-2675-4415-B1D7-2F00E2287980}.Debug|Any CPU.Build.0 = Debug|Any CPU
		{D24CA5CE-2675-4415-B1D7-2F00E2287980}.Debug|x64.ActiveCfg = Debug|Any CPU
		{D24CA5CE-2675-4415-B1D7-2F00E2287980}.Debug|x64.Build.0 = Debug|Any CPU
		{D24CA5CE-2675-4415-B1D7-2F00E2287980}.Debug|x86.ActiveCfg = Debug|Any CPU
		{D24CA5CE-2675-4415-B1D7-2F00E2287980}.Debug|x86.Build.0 = Debug|Any CPU
		{D24CA5CE-2675-4415-B1D7-2F00E2287980}.Profile|Any CPU.ActiveCfg = Release|Any CPU
		{D24CA5CE-2675-4415-B1D7-2F00E2287980}.Profile|Any CPU.Build.0 = Release|Any CPU
		{D24CA5CE-2675-4415-B1D7-2F00E2287980}.Profile|x64.ActiveCfg = Release|Any CPU
		{D24CA5CE-2675-4415-B1D7-2F00E2287980}.Profile|x64.Build.0 = Release|Any CPU
		{D24CA5CE-2675-4415-B1D7-2F00E2287980}.Profile|x86.ActiveCfg = Release|Any CPU
		{D24CA5CE-2675-4415-B1D7-2F00E2287980}.Profile|x86.Build.0 = Release|Any CPU
		{D24CA5CE-2675-4415-B1D7-2F00E2287980}.Release|Any CPU.ActiveCfg = Release|Any CPU
		{D24CA5CE-2675-4415-B1D7-2F00E2287980}.Release|Any CPU.Build.0 = Release|Any CPU
		{D24CA5CE-2675-4415-B1D7-2F00E2287980}.Release|x64.ActiveCfg = Release|Any CPU
		{D24CA5CE-2675-4415-B1D7-2F00E2287980}.Release|x64.Build.0 = Release|Any CPU
		{D24CA5CE-2675-4415-B1D7-2F00E2287980}.Release|x86.ActiveCfg = Release|Any CPU
		{D24CA5CE-2675-4415-B1D7-2F00E2287980}.Release|x86.Build.0 = Release|Any CPU
	EndGlobalSection
	GlobalSection(SolutionProperties) = preSolution
		HideSolutionNode = FALSE
	EndGlobalSection
	GlobalSection(ExtensibilityGlobals) = postSolution
		SolutionGuid = {C29E2734-4503-433D-A2DA-131102E78A51}
	EndGlobalSection
EndGlobal
